
Microsoft Visual Studio Solution File, Format Version 12.00
# Visual Studio Version 16
VisualStudioVersion = 16.0.30717.126
MinimumVisualStudioVersion = 10.0.40219.1
Project("{9A19103F-16F7-4668-BE54-9A1E7A4F7556}") = "Shizou.Server", "Shizou.Server\Shizou.Server.csproj", "{40A78159-ACBC-403A-8851-485CCA88762E}"
EndProject
Project("{FAE04EC0-301F-11D3-BF4B-00C04F79EFBC}") = "Shizou.Data", "Shizou.Data\Shizou.Data.csproj", "{7DE978B5-9756-4F36-8E41-3AF00CDEF816}"
EndProject
Project("{FAE04EC0-301F-11D3-BF4B-00C04F79EFBC}") = "Shizou.Blazor", "Shizou.Blazor\Shizou.Blazor.csproj", "{074BA0BD-418E-4119-8061-678A05D2712D}"
EndProject
Project("{FAE04EC0-301F-11D3-BF4B-00C04F79EFBC}") = "Shizou.Tests", "Shizou.Tests\Shizou.Tests.csproj", "{55E2CB60-505D-4639-9620-39767AF09E15}"
EndProject
Project("{FAE04EC0-301F-11D3-BF4B-00C04F79EFBC}") = "Shizou.SchemeHandler", "Shizou.SchemeHandler\Shizou.SchemeHandler.csproj", "{BF177526-763C-4D02-BC85-2E44E8EC66B5}"
EndProject
Project("{FAE04EC0-301F-11D3-BF4B-00C04F79EFBC}") = "Shizou.MpvDiscordPresence", "Shizou.MpvDiscordPresence\Shizou.MpvDiscordPresence.csproj", "{77B54C85-B697-4C39-B962-70C2A69E21AF}"
EndProject
Project("{FAE04EC0-301F-11D3-BF4B-00C04F79EFBC}") = "RHashWrapper", "RHashWrapper\RHashWrapper.csproj", "{D1DB5EB5-6C5C-4B46-9D79-D9B51C459023}"
EndProject
Project("{FAE04EC0-301F-11D3-BF4B-00C04F79EFBC}") = "Shizou.WebApi", "Shizou.WebApi\Shizou.WebApi.csproj", "{9FED2506-EB6E-4B95-A965-7A9529990701}"
EndProject
Project("{FAE04EC0-301F-11D3-BF4B-00C04F79EFBC}") = "Shizou.JellyfinPlugin", "Shizou.JellyfinPlugin\Shizou.JellyfinPlugin.csproj", "{4F2E9D56-ADDF-4986-B616-23F29FE83450}"
EndProject
Global
	GlobalSection(SolutionConfigurationPlatforms) = preSolution
		Debug|Any CPU = Debug|Any CPU
		Release|Any CPU = Release|Any CPU
	EndGlobalSection
	GlobalSection(ProjectConfigurationPlatforms) = postSolution
		{40A78159-ACBC-403A-8851-485CCA88762E}.Debug|Any CPU.ActiveCfg = Debug|Any CPU
		{40A78159-ACBC-403A-8851-485CCA88762E}.Debug|Any CPU.Build.0 = Debug|Any CPU
		{40A78159-ACBC-403A-8851-485CCA88762E}.Release|Any CPU.ActiveCfg = Release|Any CPU
		{40A78159-ACBC-403A-8851-485CCA88762E}.Release|Any CPU.Build.0 = Release|Any CPU
		{7DE978B5-9756-4F36-8E41-3AF00CDEF816}.Debug|Any CPU.ActiveCfg = Debug|Any CPU
		{7DE978B5-9756-4F36-8E41-3AF00CDEF816}.Debug|Any CPU.Build.0 = Debug|Any CPU
		{7DE978B5-9756-4F36-8E41-3AF00CDEF816}.Release|Any CPU.ActiveCfg = Release|Any CPU
		{7DE978B5-9756-4F36-8E41-3AF00CDEF816}.Release|Any CPU.Build.0 = Release|Any CPU
		{074BA0BD-418E-4119-8061-678A05D2712D}.Debug|Any CPU.ActiveCfg = Debug|Any CPU
		{074BA0BD-418E-4119-8061-678A05D2712D}.Debug|Any CPU.Build.0 = Debug|Any CPU
		{074BA0BD-418E-4119-8061-678A05D2712D}.Release|Any CPU.ActiveCfg = Release|Any CPU
		{074BA0BD-418E-4119-8061-678A05D2712D}.Release|Any CPU.Build.0 = Release|Any CPU
		{55E2CB60-505D-4639-9620-39767AF09E15}.Debug|Any CPU.ActiveCfg = Debug|Any CPU
		{55E2CB60-505D-4639-9620-39767AF09E15}.Debug|Any CPU.Build.0 = Debug|Any CPU
		{55E2CB60-505D-4639-9620-39767AF09E15}.Release|Any CPU.ActiveCfg = Release|Any CPU
		{55E2CB60-505D-4639-9620-39767AF09E15}.Release|Any CPU.Build.0 = Release|Any CPU
		{BF177526-763C-4D02-BC85-2E44E8EC66B5}.Debug|Any CPU.ActiveCfg = Debug|Any CPU
		{BF177526-763C-4D02-BC85-2E44E8EC66B5}.Debug|Any CPU.Build.0 = Debug|Any CPU
		{BF177526-763C-4D02-BC85-2E44E8EC66B5}.Release|Any CPU.ActiveCfg = Release|Any CPU
		{BF177526-763C-4D02-BC85-2E44E8EC66B5}.Release|Any CPU.Build.0 = Release|Any CPU
		{77B54C85-B697-4C39-B962-70C2A69E21AF}.Debug|Any CPU.ActiveCfg = Debug|Any CPU
		{77B54C85-B697-4C39-B962-70C2A69E21AF}.Debug|Any CPU.Build.0 = Debug|Any CPU
		{77B54C85-B697-4C39-B962-70C2A69E21AF}.Release|Any CPU.ActiveCfg = Release|Any CPU
		{77B54C85-B697-4C39-B962-70C2A69E21AF}.Release|Any CPU.Build.0 = Release|Any CPU
		{D1DB5EB5-6C5C-4B46-9D79-D9B51C459023}.Debug|Any CPU.ActiveCfg = Debug|Any CPU
		{D1DB5EB5-6C5C-4B46-9D79-D9B51C459023}.Debug|Any CPU.Build.0 = Debug|Any CPU
		{D1DB5EB5-6C5C-4B46-9D79-D9B51C459023}.Release|Any CPU.ActiveCfg = Release|Any CPU
		{D1DB5EB5-6C5C-4B46-9D79-D9B51C459023}.Release|Any CPU.Build.0 = Release|Any CPU
		{9FED2506-EB6E-4B95-A965-7A9529990701}.Debug|Any CPU.ActiveCfg = Debug|Any CPU
		{9FED2506-EB6E-4B95-A965-7A9529990701}.Debug|Any CPU.Build.0 = Debug|Any CPU
		{9FED2506-EB6E-4B95-A965-7A9529990701}.Release|Any CPU.ActiveCfg = Release|Any CPU
		{9FED2506-EB6E-4B95-A965-7A9529990701}.Release|Any CPU.Build.0 = Release|Any CPU
		{4F2E9D56-ADDF-4986-B616-23F29FE83450}.Debug|Any CPU.ActiveCfg = Debug|Any CPU
		{4F2E9D56-ADDF-4986-B616-23F29FE83450}.Debug|Any CPU.Build.0 = Debug|Any CPU
		{4F2E9D56-ADDF-4986-B616-23F29FE83450}.Release|Any CPU.ActiveCfg = Release|Any CPU
		{4F2E9D56-ADDF-4986-B616-23F29FE83450}.Release|Any CPU.Build.0 = Release|Any CPU
	EndGlobalSection
	GlobalSection(SolutionProperties) = preSolution
		HideSolutionNode = FALSE
	EndGlobalSection
	GlobalSection(ExtensibilityGlobals) = postSolution
		SolutionGuid = {AF089875-1121-48E1-BD7E-813B4F5109BF}
	EndGlobalSection
EndGlobal
